
Microsoft Visual Studio Solution File, Format Version 12.00
# Visual Studio Version 16
VisualStudioVersion = 16.0.31205.134
MinimumVisualStudioVersion = 10.0.40219.1
Project("{FAE04EC0-301F-11D3-BF4B-00C04F79EFBC}") = "MedicalProject", "MedicalProject\MedicalProject.csproj", "{6EE06DF7-4B29-4AB6-99B1-6B4888B882C5}"
EndProject
Global
	GlobalSection(SolutionConfigurationPlatforms) = preSolution
		Debug|Any CPU = Debug|Any CPU
		Release|Any CPU = Release|Any CPU
	EndGlobalSection
	GlobalSection(ProjectConfigurationPlatforms) = postSolution
		{6EE06DF7-4B29-4AB6-99B1-6B4888B882C5}.Debug|Any CPU.ActiveCfg = Debug|Any CPU
		{6EE06DF7-4B29-4AB6-99B1-6B4888B882C5}.Debug|Any CPU.Build.0 = Debug|Any CPU
		{6EE06DF7-4B29-4AB6-99B1-6B4888B882C5}.Release|Any CPU.ActiveCfg = Release|Any CPU
		{6EE06DF7-4B29-4AB6-99B1-6B4888B882C5}.Release|Any CPU.Build.0 = Release|Any CPU
	EndGlobalSection
	GlobalSection(SolutionProperties) = preSolution
		HideSolutionNode = FALSE
	EndGlobalSection
	GlobalSection(ExtensibilityGlobals) = postSolution
		SolutionGuid = {6BEAE3B4-F067-49F4-A5C4-9FC236243429}
	EndGlobalSection
EndGlobal
